
Microsoft Visual Studio Solution File, Format Version 12.00
# Visual Studio Version 16
VisualStudioVersion = 16.0.30804.86
MinimumVisualStudioVersion = 10.0.40219.1
Project("{6989167D-11E4-40FE-8C1A-2192A86A7E90}") = "Project_Euler_Problem_13", "Project_Euler_Problem_13\Project_Euler_Problem_13.vfproj", "{AFE763BD-A50A-4A34-8238-A205C1FD8A30}"
EndProject
Global
	GlobalSection(SolutionConfigurationPlatforms) = preSolution
		Debug|x64 = Debug|x64
		Debug|x86 = Debug|x86
		Release|x64 = Release|x64
		Release|x86 = Release|x86
	EndGlobalSection
	GlobalSection(ProjectConfigurationPlatforms) = postSolution
		{AFE763BD-A50A-4A34-8238-A205C1FD8A30}.Debug|x64.ActiveCfg = Debug|x64
		{AFE763BD-A50A-4A34-8238-A205C1FD8A30}.Debug|x64.Build.0 = Debug|x64
		{AFE763BD-A50A-4A34-8238-A205C1FD8A30}.Debug|x86.ActiveCfg = Debug|Win32
		{AFE763BD-A50A-4A34-8238-A205C1FD8A30}.Debug|x86.Build.0 = Debug|Win32
		{AFE763BD-A50A-4A34-8238-A205C1FD8A30}.Release|x64.ActiveCfg = Release|x64
		{AFE763BD-A50A-4A34-8238-A205C1FD8A30}.Release|x64.Build.0 = Release|x64
		{AFE763BD-A50A-4A34-8238-A205C1FD8A30}.Release|x86.ActiveCfg = Release|Win32
		{AFE763BD-A50A-4A34-8238-A205C1FD8A30}.Release|x86.Build.0 = Release|Win32
	EndGlobalSection
	GlobalSection(SolutionProperties) = preSolution
		HideSolutionNode = FALSE
	EndGlobalSection
	GlobalSection(ExtensibilityGlobals) = postSolution
		SolutionGuid = {58D3743F-3751-4EF2-AC78-B40D58C468B9}
	EndGlobalSection
EndGlobal
