
Microsoft Visual Studio Solution File, Format Version 12.00
# Visual Studio Version 16
VisualStudioVersion = 16.0.30804.86
MinimumVisualStudioVersion = 10.0.40219.1
Project("{8BC9CEB8-8B4A-11D0-8D11-00A0C91BC942}") = "Project_Euler_Problem_1", "Project_Euler_Problem_1\Project_Euler_Problem_1.vcxproj", "{90E62DCF-D65E-4B05-9191-99DE23F0DA4C}"
EndProject
Global
	GlobalSection(SolutionConfigurationPlatforms) = preSolution
		Debug|x64 = Debug|x64
		Debug|x86 = Debug|x86
		Release|x64 = Release|x64
		Release|x86 = Release|x86
	EndGlobalSection
	GlobalSection(ProjectConfigurationPlatforms) = postSolution
		{90E62DCF-D65E-4B05-9191-99DE23F0DA4C}.Debug|x64.ActiveCfg = Debug|x64
		{90E62DCF-D65E-4B05-9191-99DE23F0DA4C}.Debug|x64.Build.0 = Debug|x64
		{90E62DCF-D65E-4B05-9191-99DE23F0DA4C}.Debug|x86.ActiveCfg = Debug|Win32
		{90E62DCF-D65E-4B05-9191-99DE23F0DA4C}.Debug|x86.Build.0 = Debug|Win32
		{90E62DCF-D65E-4B05-9191-99DE23F0DA4C}.Release|x64.ActiveCfg = Release|x64
		{90E62DCF-D65E-4B05-9191-99DE23F0DA4C}.Release|x64.Build.0 = Release|x64
		{90E62DCF-D65E-4B05-9191-99DE23F0DA4C}.Release|x86.ActiveCfg = Release|Win32
		{90E62DCF-D65E-4B05-9191-99DE23F0DA4C}.Release|x86.Build.0 = Release|Win32
	EndGlobalSection
	GlobalSection(SolutionProperties) = preSolution
		HideSolutionNode = FALSE
	EndGlobalSection
	GlobalSection(ExtensibilityGlobals) = postSolution
		SolutionGuid = {F7966B99-D73C-4F9B-92DF-AACC12426829}
	EndGlobalSection
EndGlobal
