
Microsoft Visual Studio Solution File, Format Version 12.00
# Visual Studio Version 16
VisualStudioVersion = 16.0.30804.86
MinimumVisualStudioVersion = 10.0.40219.1
Project("{6989167D-11E4-40FE-8C1A-2192A86A7E90}") = "Project_Euler_Problem_20", "Project_Euler_Problem_20\Project_Euler_Problem_20.vfproj", "{D693589D-F5A2-4161-82B9-81C8A2710189}"
EndProject
Global
	GlobalSection(SolutionConfigurationPlatforms) = preSolution
		Debug|x64 = Debug|x64
		Debug|x86 = Debug|x86
		Release|x64 = Release|x64
		Release|x86 = Release|x86
	EndGlobalSection
	GlobalSection(ProjectConfigurationPlatforms) = postSolution
		{D693589D-F5A2-4161-82B9-81C8A2710189}.Debug|x64.ActiveCfg = Debug|x64
		{D693589D-F5A2-4161-82B9-81C8A2710189}.Debug|x64.Build.0 = Debug|x64
		{D693589D-F5A2-4161-82B9-81C8A2710189}.Debug|x86.ActiveCfg = Debug|Win32
		{D693589D-F5A2-4161-82B9-81C8A2710189}.Debug|x86.Build.0 = Debug|Win32
		{D693589D-F5A2-4161-82B9-81C8A2710189}.Release|x64.ActiveCfg = Release|x64
		{D693589D-F5A2-4161-82B9-81C8A2710189}.Release|x64.Build.0 = Release|x64
		{D693589D-F5A2-4161-82B9-81C8A2710189}.Release|x86.ActiveCfg = Release|Win32
		{D693589D-F5A2-4161-82B9-81C8A2710189}.Release|x86.Build.0 = Release|Win32
	EndGlobalSection
	GlobalSection(SolutionProperties) = preSolution
		HideSolutionNode = FALSE
	EndGlobalSection
	GlobalSection(ExtensibilityGlobals) = postSolution
		SolutionGuid = {0C32EEC7-1EC0-48BF-9097-56D138F939EC}
	EndGlobalSection
EndGlobal
